{
	"name": "web",
	"version": "1.0.0",
	"lockfileVersion": 3,
	"requires": true,
	"packages": {
		"": {
			"name": "web",
			"version": "1.0.0",
			"license": "BSD-3-Clause",
			"dependencies": {
				"motion": "^10.18.0",
				"normalize.css": "^8.0.1"
			},
			"devDependencies": {
				"@biomejs/biome": "1.8.3",
				"@eslint/js": "^9.6.0",
				"@types/browser-sync": "^2.29.0",
				"browser-sync": "^3.0.2",
				"esbuild": "^0.21.3",
				"esbuild-plugin-copy": "^2.1.1",
				"esbuild-sass-plugin": "^3.2.0",
				"fs-extra": "^11.2.0",
				"sharp": "^0.33.4",
				"svgo": "^3.3.2"
			}
		},
		"../node_modules/.pnpm/@biomejs+biome@1.8.3/node_modules/@biomejs/biome": {
			"version": "1.8.3",
			"dev": true,
			"hasInstallScript": true,
			"license": "MIT OR Apache-2.0",
			"bin": {
				"biome": "bin/biome"
			},
			"engines": {
				"node": ">=14.21.3"
			},
			"funding": {
				"type": "opencollective",
				"url": "https://opencollective.com/biome"
			},
			"optionalDependencies": {
				"@biomejs/cli-darwin-arm64": "1.8.3",
				"@biomejs/cli-darwin-x64": "1.8.3",
				"@biomejs/cli-linux-arm64": "1.8.3",
				"@biomejs/cli-linux-arm64-musl": "1.8.3",
				"@biomejs/cli-linux-x64": "1.8.3",
				"@biomejs/cli-linux-x64-musl": "1.8.3",
				"@biomejs/cli-win32-arm64": "1.8.3",
				"@biomejs/cli-win32-x64": "1.8.3"
			}
		},
		"../node_modules/.pnpm/@eslint+js@9.6.0/node_modules/@eslint/js": {
			"version": "9.6.0",
			"dev": true,
			"license": "MIT",
			"engines": {
				"node": "^18.18.0 || ^20.9.0 || >=21.1.0"
			}
		},
		"../node_modules/.pnpm/@types+browser-sync@2.29.0/node_modules/@types/browser-sync": {
			"version": "2.29.0",
			"dev": true,
			"license": "MIT",
			"dependencies": {
				"@types/micromatch": "^2",
				"@types/node": "*",
				"@types/serve-static": "*",
				"chokidar": "^3.0.0"
			}
		},
		"../node_modules/.pnpm/browser-sync@3.0.2/node_modules/browser-sync": {
			"version": "3.0.2",
			"dev": true,
			"license": "Apache-2.0",
			"dependencies": {
				"browser-sync-client": "^3.0.2",
				"browser-sync-ui": "^3.0.2",
				"bs-recipes": "1.3.4",
				"chalk": "4.1.2",
				"chokidar": "^3.5.1",
				"connect": "3.6.6",
				"connect-history-api-fallback": "^1",
				"dev-ip": "^1.0.1",
				"easy-extender": "^2.3.4",
				"eazy-logger": "^4.0.1",
				"etag": "^1.8.1",
				"fresh": "^0.5.2",
				"fs-extra": "3.0.1",
				"http-proxy": "^1.18.1",
				"immutable": "^3",
				"micromatch": "^4.0.2",
				"opn": "5.3.0",
				"portscanner": "2.2.0",
				"raw-body": "^2.3.2",
				"resp-modifier": "6.0.2",
				"rx": "4.1.0",
				"send": "0.16.2",
				"serve-index": "1.9.1",
				"serve-static": "1.13.2",
				"server-destroy": "1.0.1",
				"socket.io": "^4.4.1",
				"ua-parser-js": "^1.0.33",
				"yargs": "^17.3.1"
			},
			"bin": {
				"browser-sync": "dist/bin.js"
			},
			"devDependencies": {
				"@types/node": "^8",
				"bs-snippet-injector": "^2.0.1",
				"chai": "^3",
				"generate-changelog": "^1.7.0",
				"graceful-fs": "4.1.9",
				"http2": "^3.3.6",
				"mocha": "^10.2.0",
				"prettier": "^1.9.2",
				"q": "1.4.1",
				"request": "^2",
				"requirejs": "^2.3.5",
				"rimraf": "2.5.4",
				"sinon": "^1",
				"socket.io-client": "^2.4.0",
				"source-map-support": "^0.5.0",
				"strip-ansi": "^6.0.1",
				"supertest": "^3",
				"typescript": "^4.6.2",
				"vinyl": "1.2.0"
			},
			"engines": {
				"node": ">= 8.0.0"
			}
		},
		"../node_modules/.pnpm/esbuild-plugin-copy@2.1.1_esbuild@0.21.5/node_modules/esbuild-plugin-copy": {
			"version": "2.1.1",
			"dev": true,
			"license": "MIT",
			"dependencies": {
				"chalk": "^4.1.2",
				"chokidar": "^3.5.3",
				"fs-extra": "^10.0.1",
				"globby": "^11.0.3"
			},
			"peerDependencies": {
				"esbuild": ">= 0.14.0"
			}
		},
		"../node_modules/.pnpm/esbuild-sass-plugin@3.3.1_esbuild@0.21.5_sass-embedded@1.77.5/node_modules/esbuild-sass-plugin": {
			"version": "3.3.1",
			"dev": true,
			"license": "MIT",
			"dependencies": {
				"resolve": "^1.22.8",
				"safe-identifier": "^0.4.2",
				"sass": "^1.71.1"
			},
			"devDependencies": {
				"@types/node": "^20.11.20",
				"@types/resolve": "^1.20.6",
				"esbuild": "^0.20.1",
				"mocha-toolkit": "^1.0.7",
				"postcss": "^8.4.35",
				"postcss-modules": "^6.0.0",
				"postcss-url": "^10.1.3",
				"sass-embedded": "^1.71.1",
				"source-map": "^0.7.4",
				"ts-node": "^10.9.2",
				"typescript": "^5.3.3"
			},
			"peerDependencies": {
				"esbuild": ">=0.20.1",
				"sass-embedded": "^1.71.1"
			}
		},
		"../node_modules/.pnpm/esbuild@0.21.5/node_modules/esbuild": {
			"version": "0.21.5",
			"dev": true,
			"hasInstallScript": true,
			"license": "MIT",
			"bin": {
				"esbuild": "bin/esbuild"
			},
			"engines": {
				"node": ">=12"
			},
			"optionalDependencies": {
				"@esbuild/aix-ppc64": "0.21.5",
				"@esbuild/android-arm": "0.21.5",
				"@esbuild/android-arm64": "0.21.5",
				"@esbuild/android-x64": "0.21.5",
				"@esbuild/darwin-arm64": "0.21.5",
				"@esbuild/darwin-x64": "0.21.5",
				"@esbuild/freebsd-arm64": "0.21.5",
				"@esbuild/freebsd-x64": "0.21.5",
				"@esbuild/linux-arm": "0.21.5",
				"@esbuild/linux-arm64": "0.21.5",
				"@esbuild/linux-ia32": "0.21.5",
				"@esbuild/linux-loong64": "0.21.5",
				"@esbuild/linux-mips64el": "0.21.5",
				"@esbuild/linux-ppc64": "0.21.5",
				"@esbuild/linux-riscv64": "0.21.5",
				"@esbuild/linux-s390x": "0.21.5",
				"@esbuild/linux-x64": "0.21.5",
				"@esbuild/netbsd-x64": "0.21.5",
				"@esbuild/openbsd-x64": "0.21.5",
				"@esbuild/sunos-x64": "0.21.5",
				"@esbuild/win32-arm64": "0.21.5",
				"@esbuild/win32-ia32": "0.21.5",
				"@esbuild/win32-x64": "0.21.5"
			}
		},
		"../node_modules/.pnpm/fs-extra@11.2.0/node_modules/fs-extra": {
			"version": "11.2.0",
			"dev": true,
			"license": "MIT",
			"dependencies": {
				"graceful-fs": "^4.2.0",
				"jsonfile": "^6.0.1",
				"universalify": "^2.0.0"
			},
			"devDependencies": {
				"klaw": "^2.1.1",
				"klaw-sync": "^3.0.2",
				"minimist": "^1.1.1",
				"mocha": "^10.1.0",
				"nyc": "^15.0.0",
				"proxyquire": "^2.0.1",
				"read-dir-files": "^0.1.1",
				"standard": "^17.0.0"
			},
			"engines": {
				"node": ">=14.14"
			}
		},
		"../node_modules/.pnpm/normalize.css@8.0.1/node_modules/normalize.css": {
			"version": "8.0.1",
			"license": "MIT"
		},
		"../node_modules/.pnpm/sharp@0.33.4/node_modules/sharp": {
			"version": "0.33.4",
			"dev": true,
			"hasInstallScript": true,
			"license": "Apache-2.0",
			"dependencies": {
				"color": "^4.2.3",
				"detect-libc": "^2.0.3",
				"semver": "^7.6.0"
			},
			"devDependencies": {
				"@emnapi/runtime": "^1.1.1",
				"@img/sharp-libvips-dev": "1.0.2",
				"@img/sharp-libvips-dev-wasm32": "1.0.3",
				"@img/sharp-libvips-win32-ia32": "1.0.2",
				"@img/sharp-libvips-win32-x64": "1.0.2",
				"@types/node": "*",
				"async": "^3.2.5",
				"cc": "^3.0.1",
				"emnapi": "^1.1.1",
				"exif-reader": "^2.0.1",
				"extract-zip": "^2.0.1",
				"icc": "^3.0.0",
				"jsdoc-to-markdown": "^8.0.1",
				"license-checker": "^25.0.1",
				"mocha": "^10.4.0",
				"node-addon-api": "^8.0.0",
				"nyc": "^15.1.0",
				"prebuild": "^13.0.1",
				"semistandard": "^17.0.0",
				"tar-fs": "^3.0.6",
				"tsd": "^0.31.0"
			},
			"engines": {
				"libvips": ">=8.15.2",
				"node": "^18.17.0 || ^20.3.0 || >=21.0.0"
			},
			"funding": {
				"url": "https://opencollective.com/libvips"
			},
			"optionalDependencies": {
				"@img/sharp-darwin-arm64": "0.33.4",
				"@img/sharp-darwin-x64": "0.33.4",
				"@img/sharp-libvips-darwin-arm64": "1.0.2",
				"@img/sharp-libvips-darwin-x64": "1.0.2",
				"@img/sharp-libvips-linux-arm": "1.0.2",
				"@img/sharp-libvips-linux-arm64": "1.0.2",
				"@img/sharp-libvips-linux-s390x": "1.0.2",
				"@img/sharp-libvips-linux-x64": "1.0.2",
				"@img/sharp-libvips-linuxmusl-arm64": "1.0.2",
				"@img/sharp-libvips-linuxmusl-x64": "1.0.2",
				"@img/sharp-linux-arm": "0.33.4",
				"@img/sharp-linux-arm64": "0.33.4",
				"@img/sharp-linux-s390x": "0.33.4",
				"@img/sharp-linux-x64": "0.33.4",
				"@img/sharp-linuxmusl-arm64": "0.33.4",
				"@img/sharp-linuxmusl-x64": "0.33.4",
				"@img/sharp-wasm32": "0.33.4",
				"@img/sharp-win32-ia32": "0.33.4",
				"@img/sharp-win32-x64": "0.33.4"
			}
		},
		"../node_modules/.pnpm/svgo@3.3.2/node_modules/svgo": {
			"version": "3.3.2",
			"dev": true,
			"license": "MIT",
			"dependencies": {
				"@trysound/sax": "0.2.0",
				"commander": "^7.2.0",
				"css-select": "^5.1.0",
				"css-tree": "^2.3.1",
				"css-what": "^6.1.0",
				"csso": "^5.0.5",
				"picocolors": "^1.0.0"
			},
			"bin": {
				"svgo": "bin/svgo"
			},
			"devDependencies": {
				"@rollup/plugin-commonjs": "^22.0.2",
				"@rollup/plugin-node-resolve": "^14.1.0",
				"@types/css-tree": "^2.3.4",
				"@types/csso": "^5.0.4",
				"@types/jest": "^29.5.5",
				"del": "^6.0.0",
				"eslint": "^8.55.0",
				"jest": "^29.5.5",
				"node-fetch": "^2.7.0",
				"pixelmatch": "^5.3.0",
				"playwright": "^1.40.1",
				"pngjs": "^7.0.0",
				"prettier": "^3.1.1",
				"rollup": "^2.79.1",
				"rollup-plugin-terser": "^7.0.2",
				"tar-stream": "^3.1.6",
				"typescript": "^5.3.3"
			},
			"engines": {
				"node": ">=14.0.0"
			},
			"funding": {
				"type": "opencollective",
				"url": "https://opencollective.com/svgo"
			}
		},
		"node_modules/@biomejs/biome": {
			"resolved": "../node_modules/.pnpm/@biomejs+biome@1.8.3/node_modules/@biomejs/biome",
			"link": true
		},
		"node_modules/@eslint/js": {
			"resolved": "../node_modules/.pnpm/@eslint+js@9.6.0/node_modules/@eslint/js",
			"link": true
		},
		"node_modules/@motionone/animation": {
			"version": "10.18.0",
			"resolved": "https://registry.npmjs.org/@motionone/animation/-/animation-10.18.0.tgz",
			"integrity": "sha512-9z2p5GFGCm0gBsZbi8rVMOAJCtw1WqBTIPw3ozk06gDvZInBPIsQcHgYogEJ4yuHJ+akuW8g1SEIOpTOvYs8hw==",
			"license": "MIT",
			"dependencies": {
				"@motionone/easing": "^10.18.0",
				"@motionone/types": "^10.17.1",
				"@motionone/utils": "^10.18.0",
				"tslib": "^2.3.1"
			}
		},
		"node_modules/@motionone/dom": {
			"version": "10.18.0",
			"resolved": "https://registry.npmjs.org/@motionone/dom/-/dom-10.18.0.tgz",
			"integrity": "sha512-bKLP7E0eyO4B2UaHBBN55tnppwRnaE3KFfh3Ps9HhnAkar3Cb69kUCJY9as8LrccVYKgHA+JY5dOQqJLOPhF5A==",
			"license": "MIT",
			"dependencies": {
				"@motionone/animation": "^10.18.0",
				"@motionone/generators": "^10.18.0",
				"@motionone/types": "^10.17.1",
				"@motionone/utils": "^10.18.0",
				"hey-listen": "^1.0.8",
				"tslib": "^2.3.1"
			}
		},
		"node_modules/@motionone/easing": {
			"version": "10.18.0",
			"resolved": "https://registry.npmjs.org/@motionone/easing/-/easing-10.18.0.tgz",
			"integrity": "sha512-VcjByo7XpdLS4o9T8t99JtgxkdMcNWD3yHU/n6CLEz3bkmKDRZyYQ/wmSf6daum8ZXqfUAgFeCZSpJZIMxaCzg==",
			"license": "MIT",
			"dependencies": {
				"@motionone/utils": "^10.18.0",
				"tslib": "^2.3.1"
			}
		},
		"node_modules/@motionone/generators": {
			"version": "10.18.0",
			"resolved": "https://registry.npmjs.org/@motionone/generators/-/generators-10.18.0.tgz",
			"integrity": "sha512-+qfkC2DtkDj4tHPu+AFKVfR/C30O1vYdvsGYaR13W/1cczPrrcjdvYCj0VLFuRMN+lP1xvpNZHCRNM4fBzn1jg==",
			"license": "MIT",
			"dependencies": {
				"@motionone/types": "^10.17.1",
				"@motionone/utils": "^10.18.0",
				"tslib": "^2.3.1"
			}
		},
		"node_modules/@motionone/types": {
			"version": "10.17.1",
			"resolved": "https://registry.npmjs.org/@motionone/types/-/types-10.17.1.tgz",
			"integrity": "sha512-KaC4kgiODDz8hswCrS0btrVrzyU2CSQKO7Ps90ibBVSQmjkrt2teqta6/sOG59v7+dPnKMAg13jyqtMKV2yJ7A==",
			"license": "MIT"
		},
		"node_modules/@motionone/utils": {
			"version": "10.18.0",
			"resolved": "https://registry.npmjs.org/@motionone/utils/-/utils-10.18.0.tgz",
			"integrity": "sha512-3XVF7sgyTSI2KWvTf6uLlBJ5iAgRgmvp3bpuOiQJvInd4nZ19ET8lX5unn30SlmRH7hXbBbH+Gxd0m0klJ3Xtw==",
			"license": "MIT",
			"dependencies": {
				"@motionone/types": "^10.17.1",
				"hey-listen": "^1.0.8",
				"tslib": "^2.3.1"
			}
		},
		"node_modules/@types/browser-sync": {
			"resolved": "../node_modules/.pnpm/@types+browser-sync@2.29.0/node_modules/@types/browser-sync",
			"link": true
		},
		"node_modules/browser-sync": {
			"resolved": "../node_modules/.pnpm/browser-sync@3.0.2/node_modules/browser-sync",
			"link": true
		},
		"node_modules/esbuild": {
			"resolved": "../node_modules/.pnpm/esbuild@0.21.5/node_modules/esbuild",
			"link": true
		},
		"node_modules/esbuild-plugin-copy": {
			"resolved": "../node_modules/.pnpm/esbuild-plugin-copy@2.1.1_esbuild@0.21.5/node_modules/esbuild-plugin-copy",
			"link": true
		},
		"node_modules/esbuild-sass-plugin": {
			"resolved": "../node_modules/.pnpm/esbuild-sass-plugin@3.3.1_esbuild@0.21.5_sass-embedded@1.77.5/node_modules/esbuild-sass-plugin",
			"link": true
		},
		"node_modules/fs-extra": {
			"resolved": "../node_modules/.pnpm/fs-extra@11.2.0/node_modules/fs-extra",
			"link": true
		},
		"node_modules/hey-listen": {
			"version": "1.0.8",
			"resolved": "https://registry.npmjs.org/hey-listen/-/hey-listen-1.0.8.tgz",
			"integrity": "sha512-COpmrF2NOg4TBWUJ5UVyaCU2A88wEMkUPK4hNqyCkqHbxT92BbvfjoSozkAIIm6XhicGlJHhFdullInrdhwU8Q==",
			"license": "MIT"
		},
		"node_modules/motion": {
			"version": "10.18.0",
			"resolved": "https://registry.npmjs.org/motion/-/motion-10.18.0.tgz",
			"integrity": "sha512-MVAZZmwM/cp77BrNe1TxTMldxRPjwBNHheU5aPToqT4rJdZxLiADk58H+a0al5jKLxkB0OdgNq6DiVn11cjvIQ==",
			"license": "MIT",
			"dependencies": {
				"@motionone/animation": "^10.18.0",
				"@motionone/dom": "^10.18.0",
				"@motionone/types": "^10.17.1",
				"@motionone/utils": "^10.18.0"
			}
		},
		"node_modules/normalize.css": {
			"resolved": "../node_modules/.pnpm/normalize.css@8.0.1/node_modules/normalize.css",
			"link": true
		},
		"node_modules/sharp": {
			"resolved": "../node_modules/.pnpm/sharp@0.33.4/node_modules/sharp",
			"link": true
		},
		"node_modules/svgo": {
			"resolved": "../node_modules/.pnpm/svgo@3.3.2/node_modules/svgo",
			"link": true
		},
		"node_modules/tslib": {
			"version": "2.6.3",
			"resolved": "https://registry.npmjs.org/tslib/-/tslib-2.6.3.tgz",
			"integrity": "sha512-xNvxJEOUiWPGhUuUdQgAJPKOOJfGnIyKySOc09XkKsgdUV/3E2zvwZYdejjmRgPCgcym1juLH3226yA7sEFJKQ==",
			"license": "0BSD"
		}
	}
}
